<?xml version="1.0" encoding="utf-8"?>
<Project ToolsVersion="4.0" xmlns="http://schemas.microsoft.com/developer/msbuild/2003">
  <ItemGroup>
    <Filter Include="Source Files">
      <UniqueIdentifier>{4FC737F1-C7A5-4376-A066-2A32D752A2FF}</UniqueIdentifier>
      <Extensions>cpp;c;cc;cxx;c++;cppm;ixx;def;odl;idl;hpj;bat;asm;asmx</Extensions>
    </Filter>
    <Filter Include="Header Files">
      <UniqueIdentifier>{93995380-89BD-4b04-88EB-625FBE52EBFB}</UniqueIdentifier>
      <Extensions>h;hh;hpp;hxx;h++;hm;inl;inc;ipp;xsd</Extensions>
    </Filter>
    <Filter Include="Resource Files">
      <UniqueIdentifier>{67DA6AB6-F800-4c08-8B7A-83BB121AAD01}</UniqueIdentifier>
      <Extensions>rc;ico;cur;bmp;dlg;rc2;rct;bin;rgs;gif;jpg;jpeg;jpe;resx;tiff;tif;png;wav;mfcribbon-ms</Extensions>
    </Filter>
    <Filter Include="MP3">
      <UniqueIdentifier>{6db7cd99-f001-40c1-8f23-2d2beaf5e7d4}</UniqueIdentifier>
    </Filter>
  </ItemGroup>
  <ItemGroup>
    <ClCompile Include="Source.cpp">
      <Filter>Source Files</Filter>
    </ClCompile>
    <ClCompile Include="MyFunctions.cpp">
      <Filter>Source Files</Filter>
    </ClCompile>
    <ClCompile Include="AActor.cpp">
      <Filter>Source Files</Filter>
    </ClCompile>
    <ClCompile Include="CombatSystem.cpp">
      <Filter>Source Files</Filter>
    </ClCompile>
    <ClCompile Include="MainMenu.cpp">
      <Filter>Source Files</Filter>
    </ClCompile>
    <ClCompile Include="PlayerController.cpp">
      <Filter>Source Files</Filter>
    </ClCompile>
    <ClCompile Include="Environment.cpp">
      <Filter>Source Files</Filter>
    </ClCompile>
    <ClCompile Include="ACharacter.cpp">
      <Filter>Source Files</Filter>
    </ClCompile>
    <ClCompile Include="AEnemyCharacter.cpp">
      <Filter>Source Files</Filter>
    </ClCompile>
    <ClCompile Include="PlayerCharacter.cpp">
      <Filter>Source Files</Filter>
    </ClCompile>
    <ClCompile Include="NarrativeSystem.cpp">
      <Filter>Source Files</Filter>
    </ClCompile>
    <ClCompile Include="Item.cpp">
      <Filter>Source Files</Filter>
    </ClCompile>
  </ItemGroup>
  <ItemGroup>
    <ClInclude Include="MyHeader.h">
      <Filter>Header Files</Filter>
    </ClInclude>
    <ClInclude Include="MyFunctions.h">
      <Filter>Header Files</Filter>
    </ClInclude>
    <ClInclude Include="MyTrackedHeaderTwo.h">
      <Filter>Header Files</Filter>
    </ClInclude>
    <ClInclude Include="HeaderToIgnore.h">
      <Filter>Header Files</Filter>
    </ClInclude>
    <ClInclude Include="HeaderAccidentalyTracked.h">
      <Filter>Header Files</Filter>
    </ClInclude>
    <ClInclude Include="Utlilities.h">
      <Filter>Header Files</Filter>
    </ClInclude>
    <ClInclude Include="AActor.h">
      <Filter>Header Files</Filter>
    </ClInclude>
    <ClInclude Include="CombatSystem.h">
      <Filter>Header Files</Filter>
    </ClInclude>
    <ClInclude Include="MainMenu.h">
      <Filter>Header Files</Filter>
    </ClInclude>
    <ClInclude Include="PlayerController.h">
      <Filter>Header Files</Filter>
    </ClInclude>
    <ClInclude Include="Environment.h">
      <Filter>Header Files</Filter>
    </ClInclude>
    <ClInclude Include="ACharacter.h">
      <Filter>Header Files</Filter>
    </ClInclude>
    <ClInclude Include="AEnemyCharacter.h">
      <Filter>Header Files</Filter>
    </ClInclude>
    <ClInclude Include="PlayerCharacter.h">
      <Filter>Header Files</Filter>
    </ClInclude>
    <ClInclude Include="NarrativeSystem.h">
      <Filter>Header Files</Filter>
    </ClInclude>
    <ClInclude Include="Item.h">
      <Filter>Header Files</Filter>
    </ClInclude>
  </ItemGroup>
  <ItemGroup>
    <Media Include="song1.mp3">
      <Filter>MP3</Filter>
    </Media>
    <Media Include="Song2.mp3">
      <Filter>MP3</Filter>
    </Media>
  </ItemGroup>
</Project>